
Microsoft Visual Studio Solution File, Format Version 12.00
# Visual Studio Version 17
VisualStudioVersion = 17.6.33829.357
MinimumVisualStudioVersion = 10.0.40219.1
Project("{9A19103F-16F7-4668-BE54-9A1E7A4F7556}") = "TextFileDataAccessDemo", "TextFileDataAccessDemo\TextFileDataAccessDemo.csproj", "{69691742-2F55-4A5B-B45E-B693901DCA54}"
EndProject
Project("{9A19103F-16F7-4668-BE54-9A1E7A4F7556}") = "TextFileDataAccessGUIDemo", "TextFileDataAccessGUIDemo\TextFileDataAccessGUIDemo.csproj", "{CFB2B981-CA1E-49C6-9933-55B54261335F}"
EndProject
Global
	GlobalSection(SolutionConfigurationPlatforms) = preSolution
		Debug|Any CPU = Debug|Any CPU
		Release|Any CPU = Release|Any CPU
	EndGlobalSection
	GlobalSection(ProjectConfigurationPlatforms) = postSolution
		{69691742-2F55-4A5B-B45E-B693901DCA54}.Debug|Any CPU.ActiveCfg = Debug|Any CPU
		{69691742-2F55-4A5B-B45E-B693901DCA54}.Debug|Any CPU.Build.0 = Debug|Any CPU
		{69691742-2F55-4A5B-B45E-B693901DCA54}.Release|Any CPU.ActiveCfg = Release|Any CPU
		{69691742-2F55-4A5B-B45E-B693901DCA54}.Release|Any CPU.Build.0 = Release|Any CPU
		{CFB2B981-CA1E-49C6-9933-55B54261335F}.Debug|Any CPU.ActiveCfg = Debug|Any CPU
		{CFB2B981-CA1E-49C6-9933-55B54261335F}.Debug|Any CPU.Build.0 = Debug|Any CPU
		{CFB2B981-CA1E-49C6-9933-55B54261335F}.Release|Any CPU.ActiveCfg = Release|Any CPU
		{CFB2B981-CA1E-49C6-9933-55B54261335F}.Release|Any CPU.Build.0 = Release|Any CPU
	EndGlobalSection
	GlobalSection(SolutionProperties) = preSolution
		HideSolutionNode = FALSE
	EndGlobalSection
	GlobalSection(ExtensibilityGlobals) = postSolution
		SolutionGuid = {393BB020-D620-48B9-879D-47B7B6967BA8}
	EndGlobalSection
EndGlobal
